# This file is autogenerated, do not edit; changes may be undone by the next 'dep ensure'.


[[projects]]
  name = "github.com/gorilla/websocket"
  packages = ["."]
  revision = "c3e18be99d19e6b3e8f1559eea2c161a665c4b6b"
  version = "v1.4.1"

[[projects]]
  name = "github.com/konsorten/go-windows-terminal-sequences"
  packages = ["."]
  revision = "f55edac94c9bbba5d6182a4be46d86a2c9b5b50e"
  version = "v1.0.2"

[[projects]]
  name = "github.com/mvdan/xurls"
  packages = ["."]
  revision = "e52e821cbfe8fe163ff6f8628ab5869b11fc05af"
  version = "v2.0.0"

[[projects]]
  name = "github.com/nlopes/slack"
  packages = [
    ".",
    "internal/errorsx",
    "internal/timex",
    "slackutilsx"
  ]
  revision = "1af34b6bda3d43878255fff7bd2884ea0c23295e"
  version = "v0.6.0"

[[projects]]
  name = "github.com/pkg/errors"
  packages = ["."]
  revision = "ba968bfe8b2f7e042a574c888954fccecfa385b4"
  version = "v0.8.1"

[[projects]]
  name = "github.com/sirupsen/logrus"
  packages = ["."]
  revision = "839c75faf7f98a33d445d181f3018b5c3409a45e"
  version = "v1.4.2"

[[projects]]
  name = "github.com/thoj/go-ircevent"
  packages = ["."]
  revision = "5063e5f26097f6423c9de665079347c9473788da"
  version = "0.2"

[[projects]]
  branch = "master"
  name = "golang.org/x/sys"
  packages = ["unix"]
  revision = "2837fb4f24fee082b8c39b1a6dc9e0ed9f3fbd4f"

[solve-meta]
  analyzer-name = "dep"
  analyzer-version = 1
  inputs-digest = "c0602b39c20d3f769762c9742018926fc0fada95c534f1ab2d551af09b2763fa"
  solver-name = "gps-cdcl"
  solver-version = 1
